// !$*UTF8*$!
{
	archiveVersion = 1;
	classes = {
	};
	objectVersion = 50;
	objects = {

/* Begin PBXBuildFile section */
		D10BB2762626E5BB00D0497D /* landmarkData.json in Resources */ = {isa = PBXBuildFile; fileRef = D10BB2752626E5BB00D0497D /* landmarkData.json */; };
		D10BB2792626E60300D0497D /* Landmark.swift in Sources */ = {isa = PBXBuildFile; fileRef = D10BB2782626E60300D0497D /* Landmark.swift */; };
		D10BB2952626E9B000D0497D /* ModelData.swift in Sources */ = {isa = PBXBuildFile; fileRef = D10BB2942626E9B000D0497D /* ModelData.swift */; };
		D10BB29C2626EC6700D0497D /* LandmarkRow.swift in Sources */ = {isa = PBXBuildFile; fileRef = D10BB29B2626EC6700D0497D /* LandmarkRow.swift */; };
		D10BB29F2626F19400D0497D /* LandmarkList.swift in Sources */ = {isa = PBXBuildFile; fileRef = D10BB29E2626F19400D0497D /* LandmarkList.swift */; };
		D10BB2A22626F48100D0497D /* LandmarkDetail.swift in Sources */ = {isa = PBXBuildFile; fileRef = D10BB2A12626F48100D0497D /* LandmarkDetail.swift */; };
		D10BB2A52628A8B700D0497D /* FavoriteButton.swift in Sources */ = {isa = PBXBuildFile; fileRef = D10BB2A42628A8B600D0497D /* FavoriteButton.swift */; };
		D1636FE2262979BE003B936E /* HexagonParameters.swift in Sources */ = {isa = PBXBuildFile; fileRef = D1636FE1262979BE003B936E /* HexagonParameters.swift */; };
		D1636FE526297A66003B936E /* BadgeBackground.swift in Sources */ = {isa = PBXBuildFile; fileRef = D1636FE426297A66003B936E /* BadgeBackground.swift */; };
		D1636FE9262980E8003B936E /* BadgeSymbol.swift in Sources */ = {isa = PBXBuildFile; fileRef = D1636FE8262980E8003B936E /* BadgeSymbol.swift */; };
		D1636FEC26298218003B936E /* RotatedBadgeSymbol.swift in Sources */ = {isa = PBXBuildFile; fileRef = D1636FEB26298218003B936E /* RotatedBadgeSymbol.swift */; };
		D1636FEF2629824B003B936E /* Badge.swift in Sources */ = {isa = PBXBuildFile; fileRef = D1636FEE2629824B003B936E /* Badge.swift */; };
		D18B2FB426257F30001F047B /* LandmarksApp.swift in Sources */ = {isa = PBXBuildFile; fileRef = D18B2FB326257F30001F047B /* LandmarksApp.swift */; };
		D18B2FB626257F30001F047B /* ContentView.swift in Sources */ = {isa = PBXBuildFile; fileRef = D18B2FB526257F30001F047B /* ContentView.swift */; };
		D18B2FB826257F33001F047B /* Assets.xcassets in Resources */ = {isa = PBXBuildFile; fileRef = D18B2FB726257F33001F047B /* Assets.xcassets */; };
		D18B2FBB26257F33001F047B /* Preview Assets.xcassets in Resources */ = {isa = PBXBuildFile; fileRef = D18B2FBA26257F33001F047B /* Preview Assets.xcassets */; };
		D18B2FC62625FAB3001F047B /* CircleImage.swift in Sources */ = {isa = PBXBuildFile; fileRef = D18B2FC52625FAB3001F047B /* CircleImage.swift */; };
		D18B2FCA2625FE4A001F047B /* MapView.swift in Sources */ = {isa = PBXBuildFile; fileRef = D18B2FC92625FE4A001F047B /* MapView.swift */; };
/* End PBXBuildFile section */

/* Begin PBXFileReference section */
		D10BB2752626E5BB00D0497D /* landmarkData.json */ = {isa = PBXFileReference; fileEncoding = 4; lastKnownFileType = text.json; path = landmarkData.json; sourceTree = "<group>"; };
		D10BB2782626E60300D0497D /* Landmark.swift */ = {isa = PBXFileReference; lastKnownFileType = sourcecode.swift; path = Landmark.swift; sourceTree = "<group>"; };
		D10BB2942626E9B000D0497D /* ModelData.swift */ = {isa = PBXFileReference; lastKnownFileType = sourcecode.swift; path = ModelData.swift; sourceTree = "<group>"; };
		D10BB29B2626EC6700D0497D /* LandmarkRow.swift */ = {isa = PBXFileReference; lastKnownFileType = sourcecode.swift; path = LandmarkRow.swift; sourceTree = "<group>"; };
		D10BB29E2626F19400D0497D /* LandmarkList.swift */ = {isa = PBXFileReference; lastKnownFileType = sourcecode.swift; path = LandmarkList.swift; sourceTree = "<group>"; };
		D10BB2A12626F48100D0497D /* LandmarkDetail.swift */ = {isa = PBXFileReference; lastKnownFileType = sourcecode.swift; path = LandmarkDetail.swift; sourceTree = "<group>"; };
		D10BB2A42628A8B600D0497D /* FavoriteButton.swift */ = {isa = PBXFileReference; lastKnownFileType = sourcecode.swift; path = FavoriteButton.swift; sourceTree = "<group>"; };
		D1636FE1262979BE003B936E /* HexagonParameters.swift */ = {isa = PBXFileReference; lastKnownFileType = sourcecode.swift; path = HexagonParameters.swift; sourceTree = "<group>"; };
		D1636FE426297A66003B936E /* BadgeBackground.swift */ = {isa = PBXFileReference; lastKnownFileType = sourcecode.swift; path = BadgeBackground.swift; sourceTree = "<group>"; };
		D1636FE8262980E8003B936E /* BadgeSymbol.swift */ = {isa = PBXFileReference; lastKnownFileType = sourcecode.swift; path = BadgeSymbol.swift; sourceTree = "<group>"; };
		D1636FEB26298218003B936E /* RotatedBadgeSymbol.swift */ = {isa = PBXFileReference; lastKnownFileType = sourcecode.swift; path = RotatedBadgeSymbol.swift; sourceTree = "<group>"; };
		D1636FEE2629824B003B936E /* Badge.swift */ = {isa = PBXFileReference; lastKnownFileType = sourcecode.swift; path = Badge.swift; sourceTree = "<group>"; };
		D18B2FB026257F30001F047B /* Landmarks.app */ = {isa = PBXFileReference; explicitFileType = wrapper.application; includeInIndex = 0; path = Landmarks.app; sourceTree = BUILT_PRODUCTS_DIR; };
		D18B2FB326257F30001F047B /* LandmarksApp.swift */ = {isa = PBXFileReference; lastKnownFileType = sourcecode.swift; path = LandmarksApp.swift; sourceTree = "<group>"; };
		D18B2FB526257F30001F047B /* ContentView.swift */ = {isa = PBXFileReference; lastKnownFileType = sourcecode.swift; path = ContentView.swift; sourceTree = "<group>"; };
		D18B2FB726257F33001F047B /* Assets.xcassets */ = {isa = PBXFileReference; lastKnownFileType = folder.assetcatalog; path = Assets.xcassets; sourceTree = "<group>"; };
		D18B2FBA26257F33001F047B /* Preview Assets.xcassets */ = {isa = PBXFileReference; lastKnownFileType = folder.assetcatalog; path = "Preview Assets.xcassets"; sourceTree = "<group>"; };
		D18B2FBC26257F33001F047B /* Info.plist */ = {isa = PBXFileReference; lastKnownFileType = text.plist.xml; path = Info.plist; sourceTree = "<group>"; };
		D18B2FC52625FAB3001F047B /* CircleImage.swift */ = {isa = PBXFileReference; lastKnownFileType = sourcecode.swift; path = CircleImage.swift; sourceTree = "<group>"; };
		D18B2FC92625FE4A001F047B /* MapView.swift */ = {isa = PBXFileReference; lastKnownFileType = sourcecode.swift; path = MapView.swift; sourceTree = "<group>"; };
/* End PBXFileReference section */

/* Begin PBXFrameworksBuildPhase section */
		D18B2FAD26257F30001F047B /* Frameworks */ = {
			isa = PBXFrameworksBuildPhase;
			buildActionMask = 2147483647;
			files = (
			);
			runOnlyForDeploymentPostprocessing = 0;
		};
/* End PBXFrameworksBuildPhase section */

/* Begin PBXGroup section */
		D10BB2972626EB5600D0497D /* Views */ = {
			isa = PBXGroup;
			children = (
				D18B2FB526257F30001F047B /* ContentView.swift */,
				D10BB2A72628A98100D0497D /* Landmarks */,
				D10BB2A82628A98800D0497D /* Helpers */,
				D1636FF126298293003B936E /* Badges */,
			);
			path = Views;
			sourceTree = "<group>";
		};
		D10BB2982626EB6900D0497D /* Model */ = {
			isa = PBXGroup;
			children = (
				D10BB2782626E60300D0497D /* Landmark.swift */,
				D10BB2942626E9B000D0497D /* ModelData.swift */,
			);
			path = Model;
			sourceTree = "<group>";
		};
		D10BB2992626EB8100D0497D /* Resources */ = {
			isa = PBXGroup;
			children = (
				D10BB2752626E5BB00D0497D /* landmarkData.json */,
			);
			path = Resources;
			sourceTree = "<group>";
		};
		D10BB2A72628A98100D0497D /* Landmarks */ = {
			isa = PBXGroup;
			children = (
				D10BB29B2626EC6700D0497D /* LandmarkRow.swift */,
				D10BB29E2626F19400D0497D /* LandmarkList.swift */,
				D10BB2A12626F48100D0497D /* LandmarkDetail.swift */,
			);
			path = Landmarks;
			sourceTree = "<group>";
		};
		D10BB2A82628A98800D0497D /* Helpers */ = {
			isa = PBXGroup;
			children = (
				D18B2FC52625FAB3001F047B /* CircleImage.swift */,
				D18B2FC92625FE4A001F047B /* MapView.swift */,
				D10BB2A42628A8B600D0497D /* FavoriteButton.swift */,
			);
			path = Helpers;
			sourceTree = "<group>";
		};
		D1636FF126298293003B936E /* Badges */ = {
			isa = PBXGroup;
			children = (
				D1636FE1262979BE003B936E /* HexagonParameters.swift */,
				D1636FE426297A66003B936E /* BadgeBackground.swift */,
				D1636FE8262980E8003B936E /* BadgeSymbol.swift */,
				D1636FEB26298218003B936E /* RotatedBadgeSymbol.swift */,
				D1636FEE2629824B003B936E /* Badge.swift */,
			);
			path = Badges;
			sourceTree = "<group>";
		};
		D18B2FA726257F30001F047B = {
			isa = PBXGroup;
			children = (
				D18B2FB226257F30001F047B /* Landmarks */,
				D18B2FB126257F30001F047B /* Products */,
			);
			sourceTree = "<group>";
		};
		D18B2FB126257F30001F047B /* Products */ = {
			isa = PBXGroup;
			children = (
				D18B2FB026257F30001F047B /* Landmarks.app */,
			);
			name = Products;
			sourceTree = "<group>";
		};
		D18B2FB226257F30001F047B /* Landmarks */ = {
			isa = PBXGroup;
			children = (
				D18B2FB326257F30001F047B /* LandmarksApp.swift */,
				D10BB2972626EB5600D0497D /* Views */,
				D10BB2982626EB6900D0497D /* Model */,
				D10BB2992626EB8100D0497D /* Resources */,
				D18B2FB726257F33001F047B /* Assets.xcassets */,
				D18B2FBC26257F33001F047B /* Info.plist */,
				D18B2FB926257F33001F047B /* Preview Content */,
			);
			path = Landmarks;
			sourceTree = "<group>";
		};
		D18B2FB926257F33001F047B /* Preview Content */ = {
			isa = PBXGroup;
			children = (
				D18B2FBA26257F33001F047B /* Preview Assets.xcassets */,
			);
			path = "Preview Content";
			sourceTree = "<group>";
		};
/* End PBXGroup section */

/* Begin PBXNativeTarget section */
		D18B2FAF26257F30001F047B /* Landmarks */ = {
			isa = PBXNativeTarget;
			buildConfigurationList = D18B2FBF26257F33001F047B /* Build configuration list for PBXNativeTarget "Landmarks" */;
			buildPhases = (
				D18B2FAC26257F30001F047B /* Sources */,
				D18B2FAD26257F30001F047B /* Frameworks */,
				D18B2FAE26257F30001F047B /* Resources */,
			);
			buildRules = (
			);
			dependencies = (
			);
			name = Landmarks;
			productName = Landmarks;
			productReference = D18B2FB026257F30001F047B /* Landmarks.app */;
			productType = "com.apple.product-type.application";
		};
/* End PBXNativeTarget section */

/* Begin PBXProject section */
		D18B2FA826257F30001F047B /* Project object */ = {
			isa = PBXProject;
			attributes = {
				LastSwiftUpdateCheck = 1240;
				LastUpgradeCheck = 1240;
				TargetAttributes = {
					D18B2FAF26257F30001F047B = {
						CreatedOnToolsVersion = 12.4;
					};
				};
			};
			buildConfigurationList = D18B2FAB26257F30001F047B /* Build configuration list for PBXProject "Landmarks" */;
			compatibilityVersion = "Xcode 9.3";
			developmentRegion = en;
			hasScannedForEncodings = 0;
			knownRegions = (
				en,
				Base,
			);
			mainGroup = D18B2FA726257F30001F047B;
			productRefGroup = D18B2FB126257F30001F047B /* Products */;
			projectDirPath = "";
			projectRoot = "";
			targets = (
				D18B2FAF26257F30001F047B /* Landmarks */,
			);
		};
/* End PBXProject section */

/* Begin PBXResourcesBuildPhase section */
		D18B2FAE26257F30001F047B /* Resources */ = {
			isa = PBXResourcesBuildPhase;
			buildActionMask = 2147483647;
			files = (
				D18B2FBB26257F33001F047B /* Preview Assets.xcassets in Resources */,
				D18B2FB826257F33001F047B /* Assets.xcassets in Resources */,
				D10BB2762626E5BB00D0497D /* landmarkData.json in Resources */,
			);
			runOnlyForDeploymentPostprocessing = 0;
		};
/* End PBXResourcesBuildPhase section */

/* Begin PBXSourcesBuildPhase section */
		D18B2FAC26257F30001F047B /* Sources */ = {
			isa = PBXSourcesBuildPhase;
			buildActionMask = 2147483647;
			files = (
				D18B2FB626257F30001F047B /* ContentView.swift in Sources */,
				D1636FEF2629824B003B936E /* Badge.swift in Sources */,
				D18B2FCA2625FE4A001F047B /* MapView.swift in Sources */,
				D18B2FB426257F30001F047B /* LandmarksApp.swift in Sources */,
				D10BB2A52628A8B700D0497D /* FavoriteButton.swift in Sources */,
				D1636FE2262979BE003B936E /* HexagonParameters.swift in Sources */,
				D1636FEC26298218003B936E /* RotatedBadgeSymbol.swift in Sources */,
				D1636FE9262980E8003B936E /* BadgeSymbol.swift in Sources */,
				D10BB29F2626F19400D0497D /* LandmarkList.swift in Sources */,
				D10BB2A22626F48100D0497D /* LandmarkDetail.swift in Sources */,
				D1636FE526297A66003B936E /* BadgeBackground.swift in Sources */,
				D18B2FC62625FAB3001F047B /* CircleImage.swift in Sources */,
				D10BB2792626E60300D0497D /* Landmark.swift in Sources */,
				D10BB29C2626EC6700D0497D /* LandmarkRow.swift in Sources */,
				D10BB2952626E9B000D0497D /* ModelData.swift in Sources */,
			);
			runOnlyForDeploymentPostprocessing = 0;
		};
/* End PBXSourcesBuildPhase section */

/* Begin XCBuildConfiguration section */
		D18B2FBD26257F33001F047B /* Debug */ = {
			isa = XCBuildConfiguration;
			buildSettings = {
				ALWAYS_SEARCH_USER_PATHS = NO;
				CLANG_ANALYZER_NONNULL = YES;
				CLANG_ANALYZER_NUMBER_OBJECT_CONVERSION = YES_AGGRESSIVE;
				CLANG_CXX_LANGUAGE_STANDARD = "gnu++14";
				CLANG_CXX_LIBRARY = "libc++";
				CLANG_ENABLE_MODULES = YES;
				CLANG_ENABLE_OBJC_ARC = YES;
				CLANG_ENABLE_OBJC_WEAK = YES;
				CLANG_WARN_BLOCK_CAPTURE_AUTORELEASING = YES;
				CLANG_WARN_BOOL_CONVERSION = YES;
				CLANG_WARN_COMMA = YES;
				CLANG_WARN_CONSTANT_CONVERSION = YES;
				CLANG_WARN_DEPRECATED_OBJC_IMPLEMENTATIONS = YES;
				CLANG_WARN_DIRECT_OBJC_ISA_USAGE = YES_ERROR;
				CLANG_WARN_DOCUMENTATION_COMMENTS = YES;
				CLANG_WARN_EMPTY_BODY = YES;
				CLANG_WARN_ENUM_CONVERSION = YES;
				CLANG_WARN_INFINITE_RECURSION = YES;
				CLANG_WARN_INT_CONVERSION = YES;
				CLANG_WARN_NON_LITERAL_NULL_CONVERSION = YES;
				CLANG_WARN_OBJC_IMPLICIT_RETAIN_SELF = YES;
				CLANG_WARN_OBJC_LITERAL_CONVERSION = YES;
				CLANG_WARN_OBJC_ROOT_CLASS = YES_ERROR;
				CLANG_WARN_QUOTED_INCLUDE_IN_FRAMEWORK_HEADER = YES;
				CLANG_WARN_RANGE_LOOP_ANALYSIS = YES;
				CLANG_WARN_STRICT_PROTOTYPES = YES;
				CLANG_WARN_SUSPICIOUS_MOVE = YES;
				CLANG_WARN_UNGUARDED_AVAILABILITY = YES_AGGRESSIVE;
				CLANG_WARN_UNREACHABLE_CODE = YES;
				CLANG_WARN__DUPLICATE_METHOD_MATCH = YES;
				COPY_PHASE_STRIP = NO;
				DEBUG_INFORMATION_FORMAT = dwarf;
				ENABLE_STRICT_OBJC_MSGSEND = YES;
				ENABLE_TESTABILITY = YES;
				GCC_C_LANGUAGE_STANDARD = gnu11;
				GCC_DYNAMIC_NO_PIC = NO;
				GCC_NO_COMMON_BLOCKS = YES;
				GCC_OPTIMIZATION_LEVEL = 0;
				GCC_PREPROCESSOR_DEFINITIONS = (
					"DEBUG=1",
					"$(inherited)",
				);
				GCC_WARN_64_TO_32_BIT_CONVERSION = YES;
				GCC_WARN_ABOUT_RETURN_TYPE = YES_ERROR;
				GCC_WARN_UNDECLARED_SELECTOR = YES;
				GCC_WARN_UNINITIALIZED_AUTOS = YES_AGGRESSIVE;
				GCC_WARN_UNUSED_FUNCTION = YES;
				GCC_WARN_UNUSED_VARIABLE = YES;
				IPHONEOS_DEPLOYMENT_TARGET = 14.4;
				MTL_ENABLE_DEBUG_INFO = INCLUDE_SOURCE;
				MTL_FAST_MATH = YES;
				ONLY_ACTIVE_ARCH = YES;
				SDKROOT = iphoneos;
				SWIFT_ACTIVE_COMPILATION_CONDITIONS = DEBUG;
				SWIFT_OPTIMIZATION_LEVEL = "-Onone";
			};
			name = Debug;
		};
		D18B2FBE26257F33001F047B /* Release */ = {
			isa = XCBuildConfiguration;
			buildSettings = {
				ALWAYS_SEARCH_USER_PATHS = NO;
				CLANG_ANALYZER_NONNULL = YES;
				CLANG_ANALYZER_NUMBER_OBJECT_CONVERSION = YES_AGGRESSIVE;
				CLANG_CXX_LANGUAGE_STANDARD = "gnu++14";
				CLANG_CXX_LIBRARY = "libc++";
				CLANG_ENABLE_MODULES = YES;
				CLANG_ENABLE_OBJC_ARC = YES;
				CLANG_ENABLE_OBJC_WEAK = YES;
				CLANG_WARN_BLOCK_CAPTURE_AUTORELEASING = YES;
				CLANG_WARN_BOOL_CONVERSION = YES;
				CLANG_WARN_COMMA = YES;
				CLANG_WARN_CONSTANT_CONVERSION = YES;
				CLANG_WARN_DEPRECATED_OBJC_IMPLEMENTATIONS = YES;
				CLANG_WARN_DIRECT_OBJC_ISA_USAGE = YES_ERROR;
				CLANG_WARN_DOCUMENTATION_COMMENTS = YES;
				CLANG_WARN_EMPTY_BODY = YES;
				CLANG_WARN_ENUM_CONVERSION = YES;
				CLANG_WARN_INFINITE_RECURSION = YES;
				CLANG_WARN_INT_CONVERSION = YES;
				CLANG_WARN_NON_LITERAL_NULL_CONVERSION = YES;
				CLANG_WARN_OBJC_IMPLICIT_RETAIN_SELF = YES;
				CLANG_WARN_OBJC_LITERAL_CONVERSION = YES;
				CLANG_WARN_OBJC_ROOT_CLASS = YES_ERROR;
				CLANG_WARN_QUOTED_INCLUDE_IN_FRAMEWORK_HEADER = YES;
				CLANG_WARN_RANGE_LOOP_ANALYSIS = YES;
				CLANG_WARN_STRICT_PROTOTYPES = YES;
				CLANG_WARN_SUSPICIOUS_MOVE = YES;
				CLANG_WARN_UNGUARDED_AVAILABILITY = YES_AGGRESSIVE;
				CLANG_WARN_UNREACHABLE_CODE = YES;
				CLANG_WARN__DUPLICATE_METHOD_MATCH = YES;
				COPY_PHASE_STRIP = NO;
				DEBUG_INFORMATION_FORMAT = "dwarf-with-dsym";
				ENABLE_NS_ASSERTIONS = NO;
				ENABLE_STRICT_OBJC_MSGSEND = YES;
				GCC_C_LANGUAGE_STANDARD = gnu11;
				GCC_NO_COMMON_BLOCKS = YES;
				GCC_WARN_64_TO_32_BIT_CONVERSION = YES;
				GCC_WARN_ABOUT_RETURN_TYPE = YES_ERROR;
				GCC_WARN_UNDECLARED_SELECTOR = YES;
				GCC_WARN_UNINITIALIZED_AUTOS = YES_AGGRESSIVE;
				GCC_WARN_UNUSED_FUNCTION = YES;
				GCC_WARN_UNUSED_VARIABLE = YES;
				IPHONEOS_DEPLOYMENT_TARGET = 14.4;
				MTL_ENABLE_DEBUG_INFO = NO;
				MTL_FAST_MATH = YES;
				SDKROOT = iphoneos;
				SWIFT_COMPILATION_MODE = wholemodule;
				SWIFT_OPTIMIZATION_LEVEL = "-O";
				VALIDATE_PRODUCT = YES;
			};
			name = Release;
		};
		D18B2FC026257F33001F047B /* Debug */ = {
			isa = XCBuildConfiguration;
			buildSettings = {
				ASSETCATALOG_COMPILER_APPICON_NAME = AppIcon;
				ASSETCATALOG_COMPILER_GLOBAL_ACCENT_COLOR_NAME = AccentColor;
				CODE_SIGN_STYLE = Automatic;
				DEVELOPMENT_ASSET_PATHS = "\"Landmarks/Preview Content\"";
				DEVELOPMENT_TEAM = 6D8SYQ63KK;
				ENABLE_PREVIEWS = YES;
				INFOPLIST_FILE = Landmarks/Info.plist;
				IPHONEOS_DEPLOYMENT_TARGET = 14.0;
				LD_RUNPATH_SEARCH_PATHS = (
					"$(inherited)",
					"@executable_path/Frameworks",
				);
				PRODUCT_BUNDLE_IDENTIFIER = com.tistory.lsh424.Landmarks;
				PRODUCT_NAME = "$(TARGET_NAME)";
				SWIFT_VERSION = 5.0;
				TARGETED_DEVICE_FAMILY = "1,2";
			};
			name = Debug;
		};
		D18B2FC126257F33001F047B /* Release */ = {
			isa = XCBuildConfiguration;
			buildSettings = {
				ASSETCATALOG_COMPILER_APPICON_NAME = AppIcon;
				ASSETCATALOG_COMPILER_GLOBAL_ACCENT_COLOR_NAME = AccentColor;
				CODE_SIGN_STYLE = Automatic;
				DEVELOPMENT_ASSET_PATHS = "\"Landmarks/Preview Content\"";
				DEVELOPMENT_TEAM = 6D8SYQ63KK;
				ENABLE_PREVIEWS = YES;
				INFOPLIST_FILE = Landmarks/Info.plist;
				IPHONEOS_DEPLOYMENT_TARGET = 14.0;
				LD_RUNPATH_SEARCH_PATHS = (
					"$(inherited)",
					"@executable_path/Frameworks",
				);
				PRODUCT_BUNDLE_IDENTIFIER = com.tistory.lsh424.Landmarks;
				PRODUCT_NAME = "$(TARGET_NAME)";
				SWIFT_VERSION = 5.0;
				TARGETED_DEVICE_FAMILY = "1,2";
			};
			name = Release;
		};
/* End XCBuildConfiguration section */

/* Begin XCConfigurationList section */
		D18B2FAB26257F30001F047B /* Build configuration list for PBXProject "Landmarks" */ = {
			isa = XCConfigurationList;
			buildConfigurations = (
				D18B2FBD26257F33001F047B /* Debug */,
				D18B2FBE26257F33001F047B /* Release */,
			);
			defaultConfigurationIsVisible = 0;
			defaultConfigurationName = Release;
		};
		D18B2FBF26257F33001F047B /* Build configuration list for PBXNativeTarget "Landmarks" */ = {
			isa = XCConfigurationList;
			buildConfigurations = (
				D18B2FC026257F33001F047B /* Debug */,
				D18B2FC126257F33001F047B /* Release */,
			);
			defaultConfigurationIsVisible = 0;
			defaultConfigurationName = Release;
		};
/* End XCConfigurationList section */
	};
	rootObject = D18B2FA826257F30001F047B /* Project object */;
}
